
Microsoft Visual Studio Solution File, Format Version 12.00
# Visual Studio Version 17
VisualStudioVersion = 17.6.33815.320
MinimumVisualStudioVersion = 10.0.40219.1
Project("{FAE04EC0-301F-11D3-BF4B-00C04F79EFBC}") = "WikipediaPDFCreator", "WikipediaPDFCreator\WikipediaPDFCreator.csproj", "{9F76499F-EE1E-4156-B0BE-95CFCC9C63B7}"
EndProject
Project("{FAE04EC0-301F-11D3-BF4B-00C04F79EFBC}") = "WikipediaPDFCreatorDesktop", "WikipediaPDFCreatorDesktop\WikipediaPDFCreatorDesktop.csproj", "{8E4128FF-1037-4006-BE32-9975B154D63B}"
EndProject
Global
	GlobalSection(SolutionConfigurationPlatforms) = preSolution
		Debug|Any CPU = Debug|Any CPU
		Release|Any CPU = Release|Any CPU
	EndGlobalSection
	GlobalSection(ProjectConfigurationPlatforms) = postSolution
		{9F76499F-EE1E-4156-B0BE-95CFCC9C63B7}.Debug|Any CPU.ActiveCfg = Debug|Any CPU
		{9F76499F-EE1E-4156-B0BE-95CFCC9C63B7}.Debug|Any CPU.Build.0 = Debug|Any CPU
		{9F76499F-EE1E-4156-B0BE-95CFCC9C63B7}.Release|Any CPU.ActiveCfg = Release|Any CPU
		{9F76499F-EE1E-4156-B0BE-95CFCC9C63B7}.Release|Any CPU.Build.0 = Release|Any CPU
		{8E4128FF-1037-4006-BE32-9975B154D63B}.Debug|Any CPU.ActiveCfg = Debug|Any CPU
		{8E4128FF-1037-4006-BE32-9975B154D63B}.Debug|Any CPU.Build.0 = Debug|Any CPU
		{8E4128FF-1037-4006-BE32-9975B154D63B}.Release|Any CPU.ActiveCfg = Release|Any CPU
		{8E4128FF-1037-4006-BE32-9975B154D63B}.Release|Any CPU.Build.0 = Release|Any CPU
	EndGlobalSection
	GlobalSection(SolutionProperties) = preSolution
		HideSolutionNode = FALSE
	EndGlobalSection
	GlobalSection(ExtensibilityGlobals) = postSolution
		SolutionGuid = {6B0581AB-F18C-4999-A5EC-49FD79D96650}
	EndGlobalSection
EndGlobal
